
Microsoft Visual Studio Solution File, Format Version 12.00
# Visual Studio 15
VisualStudioVersion = 15.0.26124.0
MinimumVisualStudioVersion = 15.0.26124.0
Project("{FAE04EC0-301F-11D3-BF4B-00C04F79EFBC}") = "common", "common\common.csproj", "{D1849345-6244-44ED-A9D4-F8C194420465}"
EndProject
Project("{FAE04EC0-301F-11D3-BF4B-00C04F79EFBC}") = "day1", "2018\day1\day1.csproj", "{6E1D0FBD-9F56-46B7-810F-87C256C84190}"
EndProject
Project("{FAE04EC0-301F-11D3-BF4B-00C04F79EFBC}") = "day2", "2018\day2\day2.csproj", "{7EB3FFBB-8DCF-4443-84CD-05287F0032A8}"
EndProject
Project("{FAE04EC0-301F-11D3-BF4B-00C04F79EFBC}") = "day3", "2018\day3\day3.csproj", "{2D465128-038A-4AE6-9E6F-4C5B45C1F56C}"
EndProject
Project("{FAE04EC0-301F-11D3-BF4B-00C04F79EFBC}") = "day4", "2018\day4\day4.csproj", "{52C439D6-8378-4400-8F0D-5D472E0631E9}"
EndProject
Project("{FAE04EC0-301F-11D3-BF4B-00C04F79EFBC}") = "day5", "2018\day5\day5.csproj", "{89B6F268-FA35-431B-A99F-44C112B566D8}"
EndProject
Project("{FAE04EC0-301F-11D3-BF4B-00C04F79EFBC}") = "day6", "2018\day6\day6.csproj", "{E4199E50-D16C-47E0-8DC0-BF646CE17FFE}"
EndProject
Project("{FAE04EC0-301F-11D3-BF4B-00C04F79EFBC}") = "day7", "2018\day7\day7.csproj", "{AB9981D9-706A-40E7-9DA3-B0A1044BAD17}"
EndProject
Project("{FAE04EC0-301F-11D3-BF4B-00C04F79EFBC}") = "day8", "2018\day8\day8.csproj", "{C912A616-8B5C-4695-88E8-21BB727F098C}"
EndProject
Project("{2150E333-8FDC-42A3-9474-1A3956D46DE8}") = "2018", "2018", "{C8028BFC-8F23-4833-B973-F68681FA6F49}"
EndProject
Project("{FAE04EC0-301F-11D3-BF4B-00C04F79EFBC}") = "day9", "2018\day9\day9.csproj", "{A0982BE6-A10F-4CD2-81A4-A1FC298AAE0F}"
EndProject
Project("{FAE04EC0-301F-11D3-BF4B-00C04F79EFBC}") = "day10", "2018\day10\day10.csproj", "{841784CE-C0D2-48D8-B97B-1A98C6FAA941}"
EndProject
Project("{FAE04EC0-301F-11D3-BF4B-00C04F79EFBC}") = "day11", "2018\day11\day11.csproj", "{2287BA4D-8240-4E6C-90AA-0AE91E12FEC5}"
EndProject
Global
	GlobalSection(SolutionConfigurationPlatforms) = preSolution
		Debug|Any CPU = Debug|Any CPU
		Debug|x64 = Debug|x64
		Debug|x86 = Debug|x86
		Release|Any CPU = Release|Any CPU
		Release|x64 = Release|x64
		Release|x86 = Release|x86
	EndGlobalSection
	GlobalSection(SolutionProperties) = preSolution
		HideSolutionNode = FALSE
	EndGlobalSection
	GlobalSection(ProjectConfigurationPlatforms) = postSolution
		{D1849345-6244-44ED-A9D4-F8C194420465}.Debug|Any CPU.ActiveCfg = Debug|Any CPU
		{D1849345-6244-44ED-A9D4-F8C194420465}.Debug|Any CPU.Build.0 = Debug|Any CPU
		{D1849345-6244-44ED-A9D4-F8C194420465}.Debug|x64.ActiveCfg = Debug|Any CPU
		{D1849345-6244-44ED-A9D4-F8C194420465}.Debug|x64.Build.0 = Debug|Any CPU
		{D1849345-6244-44ED-A9D4-F8C194420465}.Debug|x86.ActiveCfg = Debug|Any CPU
		{D1849345-6244-44ED-A9D4-F8C194420465}.Debug|x86.Build.0 = Debug|Any CPU
		{D1849345-6244-44ED-A9D4-F8C194420465}.Release|Any CPU.ActiveCfg = Release|Any CPU
		{D1849345-6244-44ED-A9D4-F8C194420465}.Release|Any CPU.Build.0 = Release|Any CPU
		{D1849345-6244-44ED-A9D4-F8C194420465}.Release|x64.ActiveCfg = Release|Any CPU
		{D1849345-6244-44ED-A9D4-F8C194420465}.Release|x64.Build.0 = Release|Any CPU
		{D1849345-6244-44ED-A9D4-F8C194420465}.Release|x86.ActiveCfg = Release|Any CPU
		{D1849345-6244-44ED-A9D4-F8C194420465}.Release|x86.Build.0 = Release|Any CPU
		{6E1D0FBD-9F56-46B7-810F-87C256C84190}.Debug|Any CPU.ActiveCfg = Debug|Any CPU
		{6E1D0FBD-9F56-46B7-810F-87C256C84190}.Debug|Any CPU.Build.0 = Debug|Any CPU
		{6E1D0FBD-9F56-46B7-810F-87C256C84190}.Debug|x64.ActiveCfg = Debug|Any CPU
		{6E1D0FBD-9F56-46B7-810F-87C256C84190}.Debug|x64.Build.0 = Debug|Any CPU
		{6E1D0FBD-9F56-46B7-810F-87C256C84190}.Debug|x86.ActiveCfg = Debug|Any CPU
		{6E1D0FBD-9F56-46B7-810F-87C256C84190}.Debug|x86.Build.0 = Debug|Any CPU
		{6E1D0FBD-9F56-46B7-810F-87C256C84190}.Release|Any CPU.ActiveCfg = Release|Any CPU
		{6E1D0FBD-9F56-46B7-810F-87C256C84190}.Release|Any CPU.Build.0 = Release|Any CPU
		{6E1D0FBD-9F56-46B7-810F-87C256C84190}.Release|x64.ActiveCfg = Release|Any CPU
		{6E1D0FBD-9F56-46B7-810F-87C256C84190}.Release|x64.Build.0 = Release|Any CPU
		{6E1D0FBD-9F56-46B7-810F-87C256C84190}.Release|x86.ActiveCfg = Release|Any CPU
		{6E1D0FBD-9F56-46B7-810F-87C256C84190}.Release|x86.Build.0 = Release|Any CPU
		{7EB3FFBB-8DCF-4443-84CD-05287F0032A8}.Debug|Any CPU.ActiveCfg = Debug|Any CPU
		{7EB3FFBB-8DCF-4443-84CD-05287F0032A8}.Debug|Any CPU.Build.0 = Debug|Any CPU
		{7EB3FFBB-8DCF-4443-84CD-05287F0032A8}.Debug|x64.ActiveCfg = Debug|Any CPU
		{7EB3FFBB-8DCF-4443-84CD-05287F0032A8}.Debug|x64.Build.0 = Debug|Any CPU
		{7EB3FFBB-8DCF-4443-84CD-05287F0032A8}.Debug|x86.ActiveCfg = Debug|Any CPU
		{7EB3FFBB-8DCF-4443-84CD-05287F0032A8}.Debug|x86.Build.0 = Debug|Any CPU
		{7EB3FFBB-8DCF-4443-84CD-05287F0032A8}.Release|Any CPU.ActiveCfg = Release|Any CPU
		{7EB3FFBB-8DCF-4443-84CD-05287F0032A8}.Release|Any CPU.Build.0 = Release|Any CPU
		{7EB3FFBB-8DCF-4443-84CD-05287F0032A8}.Release|x64.ActiveCfg = Release|Any CPU
		{7EB3FFBB-8DCF-4443-84CD-05287F0032A8}.Release|x64.Build.0 = Release|Any CPU
		{7EB3FFBB-8DCF-4443-84CD-05287F0032A8}.Release|x86.ActiveCfg = Release|Any CPU
		{7EB3FFBB-8DCF-4443-84CD-05287F0032A8}.Release|x86.Build.0 = Release|Any CPU
		{2D465128-038A-4AE6-9E6F-4C5B45C1F56C}.Debug|Any CPU.ActiveCfg = Debug|Any CPU
		{2D465128-038A-4AE6-9E6F-4C5B45C1F56C}.Debug|Any CPU.Build.0 = Debug|Any CPU
		{2D465128-038A-4AE6-9E6F-4C5B45C1F56C}.Debug|x64.ActiveCfg = Debug|Any CPU
		{2D465128-038A-4AE6-9E6F-4C5B45C1F56C}.Debug|x64.Build.0 = Debug|Any CPU
		{2D465128-038A-4AE6-9E6F-4C5B45C1F56C}.Debug|x86.ActiveCfg = Debug|Any CPU
		{2D465128-038A-4AE6-9E6F-4C5B45C1F56C}.Debug|x86.Build.0 = Debug|Any CPU
		{2D465128-038A-4AE6-9E6F-4C5B45C1F56C}.Release|Any CPU.ActiveCfg = Release|Any CPU
		{2D465128-038A-4AE6-9E6F-4C5B45C1F56C}.Release|Any CPU.Build.0 = Release|Any CPU
		{2D465128-038A-4AE6-9E6F-4C5B45C1F56C}.Release|x64.ActiveCfg = Release|Any CPU
		{2D465128-038A-4AE6-9E6F-4C5B45C1F56C}.Release|x64.Build.0 = Release|Any CPU
		{2D465128-038A-4AE6-9E6F-4C5B45C1F56C}.Release|x86.ActiveCfg = Release|Any CPU
		{2D465128-038A-4AE6-9E6F-4C5B45C1F56C}.Release|x86.Build.0 = Release|Any CPU
		{52C439D6-8378-4400-8F0D-5D472E0631E9}.Debug|Any CPU.ActiveCfg = Debug|Any CPU
		{52C439D6-8378-4400-8F0D-5D472E0631E9}.Debug|Any CPU.Build.0 = Debug|Any CPU
		{52C439D6-8378-4400-8F0D-5D472E0631E9}.Debug|x64.ActiveCfg = Debug|Any CPU
		{52C439D6-8378-4400-8F0D-5D472E0631E9}.Debug|x64.Build.0 = Debug|Any CPU
		{52C439D6-8378-4400-8F0D-5D472E0631E9}.Debug|x86.ActiveCfg = Debug|Any CPU
		{52C439D6-8378-4400-8F0D-5D472E0631E9}.Debug|x86.Build.0 = Debug|Any CPU
		{52C439D6-8378-4400-8F0D-5D472E0631E9}.Release|Any CPU.ActiveCfg = Release|Any CPU
		{52C439D6-8378-4400-8F0D-5D472E0631E9}.Release|Any CPU.Build.0 = Release|Any CPU
		{52C439D6-8378-4400-8F0D-5D472E0631E9}.Release|x64.ActiveCfg = Release|Any CPU
		{52C439D6-8378-4400-8F0D-5D472E0631E9}.Release|x64.Build.0 = Release|Any CPU
		{52C439D6-8378-4400-8F0D-5D472E0631E9}.Release|x86.ActiveCfg = Release|Any CPU
		{52C439D6-8378-4400-8F0D-5D472E0631E9}.Release|x86.Build.0 = Release|Any CPU
		{89B6F268-FA35-431B-A99F-44C112B566D8}.Debug|Any CPU.ActiveCfg = Debug|Any CPU
		{89B6F268-FA35-431B-A99F-44C112B566D8}.Debug|Any CPU.Build.0 = Debug|Any CPU
		{89B6F268-FA35-431B-A99F-44C112B566D8}.Debug|x64.ActiveCfg = Debug|Any CPU
		{89B6F268-FA35-431B-A99F-44C112B566D8}.Debug|x64.Build.0 = Debug|Any CPU
		{89B6F268-FA35-431B-A99F-44C112B566D8}.Debug|x86.ActiveCfg = Debug|Any CPU
		{89B6F268-FA35-431B-A99F-44C112B566D8}.Debug|x86.Build.0 = Debug|Any CPU
		{89B6F268-FA35-431B-A99F-44C112B566D8}.Release|Any CPU.ActiveCfg = Release|Any CPU
		{89B6F268-FA35-431B-A99F-44C112B566D8}.Release|Any CPU.Build.0 = Release|Any CPU
		{89B6F268-FA35-431B-A99F-44C112B566D8}.Release|x64.ActiveCfg = Release|Any CPU
		{89B6F268-FA35-431B-A99F-44C112B566D8}.Release|x64.Build.0 = Release|Any CPU
		{89B6F268-FA35-431B-A99F-44C112B566D8}.Release|x86.ActiveCfg = Release|Any CPU
		{89B6F268-FA35-431B-A99F-44C112B566D8}.Release|x86.Build.0 = Release|Any CPU
		{E4199E50-D16C-47E0-8DC0-BF646CE17FFE}.Debug|Any CPU.ActiveCfg = Debug|Any CPU
		{E4199E50-D16C-47E0-8DC0-BF646CE17FFE}.Debug|Any CPU.Build.0 = Debug|Any CPU
		{E4199E50-D16C-47E0-8DC0-BF646CE17FFE}.Debug|x64.ActiveCfg = Debug|Any CPU
		{E4199E50-D16C-47E0-8DC0-BF646CE17FFE}.Debug|x64.Build.0 = Debug|Any CPU
		{E4199E50-D16C-47E0-8DC0-BF646CE17FFE}.Debug|x86.ActiveCfg = Debug|Any CPU
		{E4199E50-D16C-47E0-8DC0-BF646CE17FFE}.Debug|x86.Build.0 = Debug|Any CPU
		{E4199E50-D16C-47E0-8DC0-BF646CE17FFE}.Release|Any CPU.ActiveCfg = Release|Any CPU
		{E4199E50-D16C-47E0-8DC0-BF646CE17FFE}.Release|Any CPU.Build.0 = Release|Any CPU
		{E4199E50-D16C-47E0-8DC0-BF646CE17FFE}.Release|x64.ActiveCfg = Release|Any CPU
		{E4199E50-D16C-47E0-8DC0-BF646CE17FFE}.Release|x64.Build.0 = Release|Any CPU
		{E4199E50-D16C-47E0-8DC0-BF646CE17FFE}.Release|x86.ActiveCfg = Release|Any CPU
		{E4199E50-D16C-47E0-8DC0-BF646CE17FFE}.Release|x86.Build.0 = Release|Any CPU
		{AB9981D9-706A-40E7-9DA3-B0A1044BAD17}.Debug|Any CPU.ActiveCfg = Debug|Any CPU
		{AB9981D9-706A-40E7-9DA3-B0A1044BAD17}.Debug|Any CPU.Build.0 = Debug|Any CPU
		{AB9981D9-706A-40E7-9DA3-B0A1044BAD17}.Debug|x64.ActiveCfg = Debug|Any CPU
		{AB9981D9-706A-40E7-9DA3-B0A1044BAD17}.Debug|x64.Build.0 = Debug|Any CPU
		{AB9981D9-706A-40E7-9DA3-B0A1044BAD17}.Debug|x86.ActiveCfg = Debug|Any CPU
		{AB9981D9-706A-40E7-9DA3-B0A1044BAD17}.Debug|x86.Build.0 = Debug|Any CPU
		{AB9981D9-706A-40E7-9DA3-B0A1044BAD17}.Release|Any CPU.ActiveCfg = Release|Any CPU
		{AB9981D9-706A-40E7-9DA3-B0A1044BAD17}.Release|Any CPU.Build.0 = Release|Any CPU
		{AB9981D9-706A-40E7-9DA3-B0A1044BAD17}.Release|x64.ActiveCfg = Release|Any CPU
		{AB9981D9-706A-40E7-9DA3-B0A1044BAD17}.Release|x64.Build.0 = Release|Any CPU
		{AB9981D9-706A-40E7-9DA3-B0A1044BAD17}.Release|x86.ActiveCfg = Release|Any CPU
		{AB9981D9-706A-40E7-9DA3-B0A1044BAD17}.Release|x86.Build.0 = Release|Any CPU
		{C912A616-8B5C-4695-88E8-21BB727F098C}.Debug|Any CPU.ActiveCfg = Debug|Any CPU
		{C912A616-8B5C-4695-88E8-21BB727F098C}.Debug|Any CPU.Build.0 = Debug|Any CPU
		{C912A616-8B5C-4695-88E8-21BB727F098C}.Debug|x64.ActiveCfg = Debug|Any CPU
		{C912A616-8B5C-4695-88E8-21BB727F098C}.Debug|x64.Build.0 = Debug|Any CPU
		{C912A616-8B5C-4695-88E8-21BB727F098C}.Debug|x86.ActiveCfg = Debug|Any CPU
		{C912A616-8B5C-4695-88E8-21BB727F098C}.Debug|x86.Build.0 = Debug|Any CPU
		{C912A616-8B5C-4695-88E8-21BB727F098C}.Release|Any CPU.ActiveCfg = Release|Any CPU
		{C912A616-8B5C-4695-88E8-21BB727F098C}.Release|Any CPU.Build.0 = Release|Any CPU
		{C912A616-8B5C-4695-88E8-21BB727F098C}.Release|x64.ActiveCfg = Release|Any CPU
		{C912A616-8B5C-4695-88E8-21BB727F098C}.Release|x64.Build.0 = Release|Any CPU
		{C912A616-8B5C-4695-88E8-21BB727F098C}.Release|x86.ActiveCfg = Release|Any CPU
		{C912A616-8B5C-4695-88E8-21BB727F098C}.Release|x86.Build.0 = Release|Any CPU
		{A0982BE6-A10F-4CD2-81A4-A1FC298AAE0F}.Debug|Any CPU.ActiveCfg = Debug|Any CPU
		{A0982BE6-A10F-4CD2-81A4-A1FC298AAE0F}.Debug|Any CPU.Build.0 = Debug|Any CPU
		{A0982BE6-A10F-4CD2-81A4-A1FC298AAE0F}.Debug|x64.ActiveCfg = Debug|Any CPU
		{A0982BE6-A10F-4CD2-81A4-A1FC298AAE0F}.Debug|x64.Build.0 = Debug|Any CPU
		{A0982BE6-A10F-4CD2-81A4-A1FC298AAE0F}.Debug|x86.ActiveCfg = Debug|Any CPU
		{A0982BE6-A10F-4CD2-81A4-A1FC298AAE0F}.Debug|x86.Build.0 = Debug|Any CPU
		{A0982BE6-A10F-4CD2-81A4-A1FC298AAE0F}.Release|Any CPU.ActiveCfg = Release|Any CPU
		{A0982BE6-A10F-4CD2-81A4-A1FC298AAE0F}.Release|Any CPU.Build.0 = Release|Any CPU
		{A0982BE6-A10F-4CD2-81A4-A1FC298AAE0F}.Release|x64.ActiveCfg = Release|Any CPU
		{A0982BE6-A10F-4CD2-81A4-A1FC298AAE0F}.Release|x64.Build.0 = Release|Any CPU
		{A0982BE6-A10F-4CD2-81A4-A1FC298AAE0F}.Release|x86.ActiveCfg = Release|Any CPU
		{A0982BE6-A10F-4CD2-81A4-A1FC298AAE0F}.Release|x86.Build.0 = Release|Any CPU
		{841784CE-C0D2-48D8-B97B-1A98C6FAA941}.Debug|Any CPU.ActiveCfg = Debug|Any CPU
		{841784CE-C0D2-48D8-B97B-1A98C6FAA941}.Debug|Any CPU.Build.0 = Debug|Any CPU
		{841784CE-C0D2-48D8-B97B-1A98C6FAA941}.Debug|x64.ActiveCfg = Debug|Any CPU
		{841784CE-C0D2-48D8-B97B-1A98C6FAA941}.Debug|x64.Build.0 = Debug|Any CPU
		{841784CE-C0D2-48D8-B97B-1A98C6FAA941}.Debug|x86.ActiveCfg = Debug|Any CPU
		{841784CE-C0D2-48D8-B97B-1A98C6FAA941}.Debug|x86.Build.0 = Debug|Any CPU
		{841784CE-C0D2-48D8-B97B-1A98C6FAA941}.Release|Any CPU.ActiveCfg = Release|Any CPU
		{841784CE-C0D2-48D8-B97B-1A98C6FAA941}.Release|Any CPU.Build.0 = Release|Any CPU
		{841784CE-C0D2-48D8-B97B-1A98C6FAA941}.Release|x64.ActiveCfg = Release|Any CPU
		{841784CE-C0D2-48D8-B97B-1A98C6FAA941}.Release|x64.Build.0 = Release|Any CPU
		{841784CE-C0D2-48D8-B97B-1A98C6FAA941}.Release|x86.ActiveCfg = Release|Any CPU
		{841784CE-C0D2-48D8-B97B-1A98C6FAA941}.Release|x86.Build.0 = Release|Any CPU
		{2287BA4D-8240-4E6C-90AA-0AE91E12FEC5}.Debug|Any CPU.ActiveCfg = Debug|Any CPU
		{2287BA4D-8240-4E6C-90AA-0AE91E12FEC5}.Debug|Any CPU.Build.0 = Debug|Any CPU
		{2287BA4D-8240-4E6C-90AA-0AE91E12FEC5}.Debug|x64.ActiveCfg = Debug|Any CPU
		{2287BA4D-8240-4E6C-90AA-0AE91E12FEC5}.Debug|x64.Build.0 = Debug|Any CPU
		{2287BA4D-8240-4E6C-90AA-0AE91E12FEC5}.Debug|x86.ActiveCfg = Debug|Any CPU
		{2287BA4D-8240-4E6C-90AA-0AE91E12FEC5}.Debug|x86.Build.0 = Debug|Any CPU
		{2287BA4D-8240-4E6C-90AA-0AE91E12FEC5}.Release|Any CPU.ActiveCfg = Release|Any CPU
		{2287BA4D-8240-4E6C-90AA-0AE91E12FEC5}.Release|Any CPU.Build.0 = Release|Any CPU
		{2287BA4D-8240-4E6C-90AA-0AE91E12FEC5}.Release|x64.ActiveCfg = Release|Any CPU
		{2287BA4D-8240-4E6C-90AA-0AE91E12FEC5}.Release|x64.Build.0 = Release|Any CPU
		{2287BA4D-8240-4E6C-90AA-0AE91E12FEC5}.Release|x86.ActiveCfg = Release|Any CPU
		{2287BA4D-8240-4E6C-90AA-0AE91E12FEC5}.Release|x86.Build.0 = Release|Any CPU
	EndGlobalSection
	GlobalSection(NestedProjects) = preSolution
		{A0982BE6-A10F-4CD2-81A4-A1FC298AAE0F} = {C8028BFC-8F23-4833-B973-F68681FA6F49}
		{841784CE-C0D2-48D8-B97B-1A98C6FAA941} = {C8028BFC-8F23-4833-B973-F68681FA6F49}
		{2287BA4D-8240-4E6C-90AA-0AE91E12FEC5} = {C8028BFC-8F23-4833-B973-F68681FA6F49}
	EndGlobalSection
EndGlobal
